
Microsoft Visual Studio Solution File, Format Version 12.00
# Visual Studio Version 17
VisualStudioVersion = 17.6.33723.286
MinimumVisualStudioVersion = 10.0.40219.1
Project("{FAE04EC0-301F-11D3-BF4B-00C04F79EFBC}") = "Reservation_Management", "Reservation_Management.csproj", "{907F9E5A-24D7-4279-B9A8-990BA4883C4D}"
EndProject
Global
	GlobalSection(SolutionConfigurationPlatforms) = preSolution
		Debug|Any CPU = Debug|Any CPU
		Release|Any CPU = Release|Any CPU
	EndGlobalSection
	GlobalSection(ProjectConfigurationPlatforms) = postSolution
		{907F9E5A-24D7-4279-B9A8-990BA4883C4D}.Debug|Any CPU.ActiveCfg = Debug|Any CPU
		{907F9E5A-24D7-4279-B9A8-990BA4883C4D}.Debug|Any CPU.Build.0 = Debug|Any CPU
		{907F9E5A-24D7-4279-B9A8-990BA4883C4D}.Release|Any CPU.ActiveCfg = Release|Any CPU
		{907F9E5A-24D7-4279-B9A8-990BA4883C4D}.Release|Any CPU.Build.0 = Release|Any CPU
	EndGlobalSection
	GlobalSection(SolutionProperties) = preSolution
		HideSolutionNode = FALSE
	EndGlobalSection
	GlobalSection(ExtensibilityGlobals) = postSolution
		SolutionGuid = {7F517BB3-14C6-4976-9ACB-BEF10EA16F0F}
	EndGlobalSection
EndGlobal
